
Microsoft Visual Studio Solution File, Format Version 12.00
# Visual Studio 14
VisualStudioVersion = 14.0.25123.0
MinimumVisualStudioVersion = 10.0.40219.1
Project("{FAE04EC0-301F-11D3-BF4B-00C04F79EFBC}") = "MoveIt.BusinessLogic", "MoveIt.BusinessLogic.csproj", "{3DF7B63E-F175-48CD-8A71-4A5540376E70}"
EndProject
Project("{FAE04EC0-301F-11D3-BF4B-00C04F79EFBC}") = "MoveIt.Desktop", "..\MoveIt.Desktop\MoveIt.Desktop.csproj", "{5EF242BF-A381-407A-8DB0-2E96805D63CC}"
EndProject
Project("{FAE04EC0-301F-11D3-BF4B-00C04F79EFBC}") = "MoveIt.WebApi", "..\MoveIt.WebApi\MoveIt.WebApi.csproj", "{C92069A8-2496-43EC-9274-DCDCFF4BA1D8}"
EndProject
Project("{FAE04EC0-301F-11D3-BF4B-00C04F79EFBC}") = "MoveIt.Models", "MoveIt.Models\MoveIt.Models.csproj", "{6DFF5259-4DC5-47A8-A7B2-DD7A2A2AAE60}"
EndProject
Global
	GlobalSection(SolutionConfigurationPlatforms) = preSolution
		Debug|Any CPU = Debug|Any CPU
		Release|Any CPU = Release|Any CPU
	EndGlobalSection
	GlobalSection(ProjectConfigurationPlatforms) = postSolution
		{3DF7B63E-F175-48CD-8A71-4A5540376E70}.Debug|Any CPU.ActiveCfg = Debug|Any CPU
		{3DF7B63E-F175-48CD-8A71-4A5540376E70}.Debug|Any CPU.Build.0 = Debug|Any CPU
		{3DF7B63E-F175-48CD-8A71-4A5540376E70}.Release|Any CPU.ActiveCfg = Release|Any CPU
		{3DF7B63E-F175-48CD-8A71-4A5540376E70}.Release|Any CPU.Build.0 = Release|Any CPU
		{5EF242BF-A381-407A-8DB0-2E96805D63CC}.Debug|Any CPU.ActiveCfg = Debug|Any CPU
		{5EF242BF-A381-407A-8DB0-2E96805D63CC}.Debug|Any CPU.Build.0 = Debug|Any CPU
		{5EF242BF-A381-407A-8DB0-2E96805D63CC}.Release|Any CPU.ActiveCfg = Release|Any CPU
		{5EF242BF-A381-407A-8DB0-2E96805D63CC}.Release|Any CPU.Build.0 = Release|Any CPU
		{C92069A8-2496-43EC-9274-DCDCFF4BA1D8}.Debug|Any CPU.ActiveCfg = Debug|Any CPU
		{C92069A8-2496-43EC-9274-DCDCFF4BA1D8}.Debug|Any CPU.Build.0 = Debug|Any CPU
		{C92069A8-2496-43EC-9274-DCDCFF4BA1D8}.Release|Any CPU.ActiveCfg = Release|Any CPU
		{C92069A8-2496-43EC-9274-DCDCFF4BA1D8}.Release|Any CPU.Build.0 = Release|Any CPU
		{6DFF5259-4DC5-47A8-A7B2-DD7A2A2AAE60}.Debug|Any CPU.ActiveCfg = Debug|Any CPU
		{6DFF5259-4DC5-47A8-A7B2-DD7A2A2AAE60}.Debug|Any CPU.Build.0 = Debug|Any CPU
		{6DFF5259-4DC5-47A8-A7B2-DD7A2A2AAE60}.Release|Any CPU.ActiveCfg = Release|Any CPU
		{6DFF5259-4DC5-47A8-A7B2-DD7A2A2AAE60}.Release|Any CPU.Build.0 = Release|Any CPU
	EndGlobalSection
	GlobalSection(SolutionProperties) = preSolution
		HideSolutionNode = FALSE
	EndGlobalSection
EndGlobal
